// !$*UTF8*$!
{
	archiveVersion = 1;
	classes = {
	};
	objectVersion = 56;
	objects = {

/* Begin PBXBuildFile section */
		392528D62C7207F30000DA4B /* InformationViewController.swift in Sources */ = {isa = PBXBuildFile; fileRef = 392528D52C7207F30000DA4B /* InformationViewController.swift */; };
		392528D82C72083D0000DA4B /* InformationView.storyboard in Resources */ = {isa = PBXBuildFile; fileRef = 392528D72C72083D0000DA4B /* InformationView.storyboard */; };
		392528DB2C720A0C0000DA4B /* CustomTextField.swift in Sources */ = {isa = PBXBuildFile; fileRef = 392528DA2C720A0C0000DA4B /* CustomTextField.swift */; };
		39294A302C6EC66300BFFE12 /* TabBarViewController.swift in Sources */ = {isa = PBXBuildFile; fileRef = 39294A2E2C6EC66300BFFE12 /* TabBarViewController.swift */; };
		39294A332C6EC6C000BFFE12 /* TabBarViewController.storyboard in Resources */ = {isa = PBXBuildFile; fileRef = 39294A322C6EC6C000BFFE12 /* TabBarViewController.storyboard */; };
		39294A352C6EC7A200BFFE12 /* HomePageViewController.swift in Sources */ = {isa = PBXBuildFile; fileRef = 39294A342C6EC7A200BFFE12 /* HomePageViewController.swift */; };
		39294A372C6EC7AF00BFFE12 /* HomePage.storyboard in Resources */ = {isa = PBXBuildFile; fileRef = 39294A362C6EC7AF00BFFE12 /* HomePage.storyboard */; };
		39335A632C7097AC0091C3B4 /* GoogleMaps in Frameworks */ = {isa = PBXBuildFile; productRef = 39335A622C7097AC0091C3B4 /* GoogleMaps */; };
		39335A662C709A6A0091C3B4 /* GooglePlaces in Frameworks */ = {isa = PBXBuildFile; productRef = 39335A652C709A6A0091C3B4 /* GooglePlaces */; };
		39335A692C715A9D0091C3B4 /* AddPlaceViewController.swift in Sources */ = {isa = PBXBuildFile; fileRef = 39335A682C715A9D0091C3B4 /* AddPlaceViewController.swift */; };
		39335A6B2C715AB50091C3B4 /* AddPlaceView.storyboard in Resources */ = {isa = PBXBuildFile; fileRef = 39335A6A2C715AB50091C3B4 /* AddPlaceView.storyboard */; };
		3962566A2C7222A300153672 /* ExpandingTextView.swift in Sources */ = {isa = PBXBuildFile; fileRef = 396256692C7222A300153672 /* ExpandingTextView.swift */; };
		39703F662C7169900000E038 /* MapViewController.swift in Sources */ = {isa = PBXBuildFile; fileRef = 39703F652C7169900000E038 /* MapViewController.swift */; };
		39703F682C716A130000E038 /* MapView.storyboard in Resources */ = {isa = PBXBuildFile; fileRef = 39703F672C716A130000E038 /* MapView.storyboard */; };
		39703F6B2C716BBC0000E038 /* StepTopView.swift in Sources */ = {isa = PBXBuildFile; fileRef = 39703F6A2C716BBC0000E038 /* StepTopView.swift */; };
		3979FFE32C716CAA008D0D3E /* StepTopView.xib in Resources */ = {isa = PBXBuildFile; fileRef = 3979FFE22C716CAA008D0D3E /* StepTopView.xib */; };
		39B4B1CC2C720EDD0059227B /* UIViewControllerExtension.swift in Sources */ = {isa = PBXBuildFile; fileRef = 39B4B1CB2C720EDD0059227B /* UIViewControllerExtension.swift */; };
		39B5A6322C72CA6E00103065 /* PageModel.swift in Sources */ = {isa = PBXBuildFile; fileRef = 39B5A6312C72CA6D00103065 /* PageModel.swift */; };
		39CD27D42C6EC1D400F7D8A2 /* AppDelegate.swift in Sources */ = {isa = PBXBuildFile; fileRef = 39CD27D32C6EC1D400F7D8A2 /* AppDelegate.swift */; };
		39CD27D62C6EC1D400F7D8A2 /* SceneDelegate.swift in Sources */ = {isa = PBXBuildFile; fileRef = 39CD27D52C6EC1D400F7D8A2 /* SceneDelegate.swift */; };
		39CD27D82C6EC1D400F7D8A2 /* ViewController.swift in Sources */ = {isa = PBXBuildFile; fileRef = 39CD27D72C6EC1D400F7D8A2 /* ViewController.swift */; };
		39CD27DB2C6EC1D400F7D8A2 /* Main.storyboard in Resources */ = {isa = PBXBuildFile; fileRef = 39CD27D92C6EC1D400F7D8A2 /* Main.storyboard */; };
		39CD27DE2C6EC1D400F7D8A2 /* locationSaveApp.xcdatamodeld in Sources */ = {isa = PBXBuildFile; fileRef = 39CD27DC2C6EC1D400F7D8A2 /* locationSaveApp.xcdatamodeld */; };
		39CD27E02C6EC1D700F7D8A2 /* Assets.xcassets in Resources */ = {isa = PBXBuildFile; fileRef = 39CD27DF2C6EC1D700F7D8A2 /* Assets.xcassets */; };
		39CD27E32C6EC1D700F7D8A2 /* LaunchScreen.storyboard in Resources */ = {isa = PBXBuildFile; fileRef = 39CD27E12C6EC1D700F7D8A2 /* LaunchScreen.storyboard */; };
		39E408E42C72C1E30073B4C6 /* AddPhotoViewController.swift in Sources */ = {isa = PBXBuildFile; fileRef = 39E408E32C72C1E30073B4C6 /* AddPhotoViewController.swift */; };
		39E408E62C72C1F10073B4C6 /* AddPhotoView.storyboard in Resources */ = {isa = PBXBuildFile; fileRef = 39E408E52C72C1F10073B4C6 /* AddPhotoView.storyboard */; };
		39FC6D342C72D4B2003CEB5B /* PlaceModel.xcdatamodeld in Sources */ = {isa = PBXBuildFile; fileRef = 39FC6D322C72D4B2003CEB5B /* PlaceModel.xcdatamodeld */; };
		39FC6D362C72D5E1003CEB5B /* PlaceInfoModel.swift in Sources */ = {isa = PBXBuildFile; fileRef = 39FC6D352C72D5E1003CEB5B /* PlaceInfoModel.swift */; };
/* End PBXBuildFile section */

/* Begin PBXFileReference section */
		392528D52C7207F30000DA4B /* InformationViewController.swift */ = {isa = PBXFileReference; lastKnownFileType = sourcecode.swift; path = InformationViewController.swift; sourceTree = "<group>"; };
		392528D72C72083D0000DA4B /* InformationView.storyboard */ = {isa = PBXFileReference; lastKnownFileType = file.storyboard; path = InformationView.storyboard; sourceTree = "<group>"; };
		392528DA2C720A0C0000DA4B /* CustomTextField.swift */ = {isa = PBXFileReference; lastKnownFileType = sourcecode.swift; path = CustomTextField.swift; sourceTree = "<group>"; };
		39294A2E2C6EC66300BFFE12 /* TabBarViewController.swift */ = {isa = PBXFileReference; lastKnownFileType = sourcecode.swift; path = TabBarViewController.swift; sourceTree = "<group>"; };
		39294A322C6EC6C000BFFE12 /* TabBarViewController.storyboard */ = {isa = PBXFileReference; lastKnownFileType = file.storyboard; path = TabBarViewController.storyboard; sourceTree = "<group>"; };
		39294A342C6EC7A200BFFE12 /* HomePageViewController.swift */ = {isa = PBXFileReference; lastKnownFileType = sourcecode.swift; path = HomePageViewController.swift; sourceTree = "<group>"; };
		39294A362C6EC7AF00BFFE12 /* HomePage.storyboard */ = {isa = PBXFileReference; lastKnownFileType = file.storyboard; path = HomePage.storyboard; sourceTree = "<group>"; };
		39335A682C715A9D0091C3B4 /* AddPlaceViewController.swift */ = {isa = PBXFileReference; lastKnownFileType = sourcecode.swift; path = AddPlaceViewController.swift; sourceTree = "<group>"; };
		39335A6A2C715AB50091C3B4 /* AddPlaceView.storyboard */ = {isa = PBXFileReference; lastKnownFileType = file.storyboard; path = AddPlaceView.storyboard; sourceTree = "<group>"; };
		396256692C7222A300153672 /* ExpandingTextView.swift */ = {isa = PBXFileReference; lastKnownFileType = sourcecode.swift; path = ExpandingTextView.swift; sourceTree = "<group>"; };
		39703F652C7169900000E038 /* MapViewController.swift */ = {isa = PBXFileReference; lastKnownFileType = sourcecode.swift; path = MapViewController.swift; sourceTree = "<group>"; };
		39703F672C716A130000E038 /* MapView.storyboard */ = {isa = PBXFileReference; lastKnownFileType = file.storyboard; path = MapView.storyboard; sourceTree = "<group>"; };
		39703F6A2C716BBC0000E038 /* StepTopView.swift */ = {isa = PBXFileReference; lastKnownFileType = sourcecode.swift; path = StepTopView.swift; sourceTree = "<group>"; };
		3979FFE22C716CAA008D0D3E /* StepTopView.xib */ = {isa = PBXFileReference; lastKnownFileType = file.xib; path = StepTopView.xib; sourceTree = "<group>"; };
		39B4B1CB2C720EDD0059227B /* UIViewControllerExtension.swift */ = {isa = PBXFileReference; lastKnownFileType = sourcecode.swift; path = UIViewControllerExtension.swift; sourceTree = "<group>"; };
		39B5A6312C72CA6D00103065 /* PageModel.swift */ = {isa = PBXFileReference; lastKnownFileType = sourcecode.swift; path = PageModel.swift; sourceTree = "<group>"; };
		39CD27D02C6EC1D400F7D8A2 /* locationSaveApp.app */ = {isa = PBXFileReference; explicitFileType = wrapper.application; includeInIndex = 0; path = locationSaveApp.app; sourceTree = BUILT_PRODUCTS_DIR; };
		39CD27D32C6EC1D400F7D8A2 /* AppDelegate.swift */ = {isa = PBXFileReference; lastKnownFileType = sourcecode.swift; path = AppDelegate.swift; sourceTree = "<group>"; };
		39CD27D52C6EC1D400F7D8A2 /* SceneDelegate.swift */ = {isa = PBXFileReference; lastKnownFileType = sourcecode.swift; path = SceneDelegate.swift; sourceTree = "<group>"; };
		39CD27D72C6EC1D400F7D8A2 /* ViewController.swift */ = {isa = PBXFileReference; lastKnownFileType = sourcecode.swift; path = ViewController.swift; sourceTree = "<group>"; };
		39CD27DA2C6EC1D400F7D8A2 /* Base */ = {isa = PBXFileReference; lastKnownFileType = file.storyboard; name = Base; path = Base.lproj/Main.storyboard; sourceTree = "<group>"; };
		39CD27DD2C6EC1D400F7D8A2 /* locationSaveApp.xcdatamodel */ = {isa = PBXFileReference; lastKnownFileType = wrapper.xcdatamodel; path = locationSaveApp.xcdatamodel; sourceTree = "<group>"; };
		39CD27DF2C6EC1D700F7D8A2 /* Assets.xcassets */ = {isa = PBXFileReference; lastKnownFileType = folder.assetcatalog; path = Assets.xcassets; sourceTree = "<group>"; };
		39CD27E22C6EC1D700F7D8A2 /* Base */ = {isa = PBXFileReference; lastKnownFileType = file.storyboard; name = Base; path = Base.lproj/LaunchScreen.storyboard; sourceTree = "<group>"; };
		39CD27E42C6EC1D700F7D8A2 /* Info.plist */ = {isa = PBXFileReference; lastKnownFileType = text.plist.xml; path = Info.plist; sourceTree = "<group>"; };
		39E408E32C72C1E30073B4C6 /* AddPhotoViewController.swift */ = {isa = PBXFileReference; lastKnownFileType = sourcecode.swift; path = AddPhotoViewController.swift; sourceTree = "<group>"; };
		39E408E52C72C1F10073B4C6 /* AddPhotoView.storyboard */ = {isa = PBXFileReference; lastKnownFileType = file.storyboard; path = AddPhotoView.storyboard; sourceTree = "<group>"; };
		39FC6D332C72D4B2003CEB5B /* PlaceModel.xcdatamodel */ = {isa = PBXFileReference; lastKnownFileType = wrapper.xcdatamodel; path = PlaceModel.xcdatamodel; sourceTree = "<group>"; };
		39FC6D352C72D5E1003CEB5B /* PlaceInfoModel.swift */ = {isa = PBXFileReference; lastKnownFileType = sourcecode.swift; path = PlaceInfoModel.swift; sourceTree = "<group>"; };
/* End PBXFileReference section */

/* Begin PBXFrameworksBuildPhase section */
		39CD27CD2C6EC1D400F7D8A2 /* Frameworks */ = {
			isa = PBXFrameworksBuildPhase;
			buildActionMask = 2147483647;
			files = (
				39335A632C7097AC0091C3B4 /* GoogleMaps in Frameworks */,
				39335A662C709A6A0091C3B4 /* GooglePlaces in Frameworks */,
			);
			runOnlyForDeploymentPostprocessing = 0;
		};
/* End PBXFrameworksBuildPhase section */

/* Begin PBXGroup section */
		392528D42C7207D80000DA4B /* InformationTab */ = {
			isa = PBXGroup;
			children = (
				392528D52C7207F30000DA4B /* InformationViewController.swift */,
				392528D72C72083D0000DA4B /* InformationView.storyboard */,
			);
			path = InformationTab;
			sourceTree = "<group>";
		};
		392528D92C7209FB0000DA4B /* CustomTextField */ = {
			isa = PBXGroup;
			children = (
				392528DA2C720A0C0000DA4B /* CustomTextField.swift */,
			);
			path = CustomTextField;
			sourceTree = "<group>";
		};
		39294A282C6EC46D00BFFE12 /* Home */ = {
			isa = PBXGroup;
			children = (
				39294A342C6EC7A200BFFE12 /* HomePageViewController.swift */,
				39294A362C6EC7AF00BFFE12 /* HomePage.storyboard */,
			);
			path = Home;
			sourceTree = "<group>";
		};
		39294A2D2C6EC60800BFFE12 /* TabbarPage */ = {
			isa = PBXGroup;
			children = (
				39294A2E2C6EC66300BFFE12 /* TabBarViewController.swift */,
				39294A322C6EC6C000BFFE12 /* TabBarViewController.storyboard */,
			);
			path = TabbarPage;
			sourceTree = "<group>";
		};
		39335A672C715A7C0091C3B4 /* AddPlace */ = {
			isa = PBXGroup;
			children = (
				39E408E22C72C1C70073B4C6 /* AddPhotoTab */,
				392528D42C7207D80000DA4B /* InformationTab */,
				39703F642C7169730000E038 /* MapTab */,
				39335A682C715A9D0091C3B4 /* AddPlaceViewController.swift */,
				39FC6D322C72D4B2003CEB5B /* PlaceModel.xcdatamodeld */,
				39335A6A2C715AB50091C3B4 /* AddPlaceView.storyboard */,
				39B5A6312C72CA6D00103065 /* PageModel.swift */,
				39FC6D352C72D5E1003CEB5B /* PlaceInfoModel.swift */,
			);
			path = AddPlace;
			sourceTree = "<group>";
		};
		396256682C72229100153672 /* CustomTextView */ = {
			isa = PBXGroup;
			children = (
				396256692C7222A300153672 /* ExpandingTextView.swift */,
			);
			path = CustomTextView;
			sourceTree = "<group>";
		};
		39703F642C7169730000E038 /* MapTab */ = {
			isa = PBXGroup;
			children = (
				39703F652C7169900000E038 /* MapViewController.swift */,
				39703F672C716A130000E038 /* MapView.storyboard */,
			);
			path = MapTab;
			sourceTree = "<group>";
		};
		39703F692C716B720000E038 /* CustomViews */ = {
			isa = PBXGroup;
			children = (
				396256682C72229100153672 /* CustomTextView */,
				392528D92C7209FB0000DA4B /* CustomTextField */,
				39703F6A2C716BBC0000E038 /* StepTopView.swift */,
				3979FFE22C716CAA008D0D3E /* StepTopView.xib */,
			);
			path = CustomViews;
			sourceTree = "<group>";
		};
		39B4B1CA2C720ECD0059227B /* Extensions */ = {
			isa = PBXGroup;
			children = (
				39B4B1CB2C720EDD0059227B /* UIViewControllerExtension.swift */,
			);
			path = Extensions;
			sourceTree = "<group>";
		};
		39CD27C72C6EC1D400F7D8A2 = {
			isa = PBXGroup;
			children = (
				39CD27D22C6EC1D400F7D8A2 /* locationSaveApp */,
				39CD27D12C6EC1D400F7D8A2 /* Products */,
			);
			sourceTree = "<group>";
		};
		39CD27D12C6EC1D400F7D8A2 /* Products */ = {
			isa = PBXGroup;
			children = (
				39CD27D02C6EC1D400F7D8A2 /* locationSaveApp.app */,
			);
			name = Products;
			sourceTree = "<group>";
		};
		39CD27D22C6EC1D400F7D8A2 /* locationSaveApp */ = {
			isa = PBXGroup;
			children = (
				39B4B1CA2C720ECD0059227B /* Extensions */,
				39703F692C716B720000E038 /* CustomViews */,
				39335A672C715A7C0091C3B4 /* AddPlace */,
				39294A2D2C6EC60800BFFE12 /* TabbarPage */,
				39294A282C6EC46D00BFFE12 /* Home */,
				39CD27D32C6EC1D400F7D8A2 /* AppDelegate.swift */,
				39CD27D52C6EC1D400F7D8A2 /* SceneDelegate.swift */,
				39CD27D72C6EC1D400F7D8A2 /* ViewController.swift */,
				39CD27D92C6EC1D400F7D8A2 /* Main.storyboard */,
				39CD27DF2C6EC1D700F7D8A2 /* Assets.xcassets */,
				39CD27E12C6EC1D700F7D8A2 /* LaunchScreen.storyboard */,
				39CD27E42C6EC1D700F7D8A2 /* Info.plist */,
				39CD27DC2C6EC1D400F7D8A2 /* locationSaveApp.xcdatamodeld */,
			);
			path = locationSaveApp;
			sourceTree = "<group>";
		};
		39E408E22C72C1C70073B4C6 /* AddPhotoTab */ = {
			isa = PBXGroup;
			children = (
				39E408E32C72C1E30073B4C6 /* AddPhotoViewController.swift */,
				39E408E52C72C1F10073B4C6 /* AddPhotoView.storyboard */,
			);
			path = AddPhotoTab;
			sourceTree = "<group>";
		};
/* End PBXGroup section */

/* Begin PBXNativeTarget section */
		39CD27CF2C6EC1D400F7D8A2 /* locationSaveApp */ = {
			isa = PBXNativeTarget;
			buildConfigurationList = 39CD27E72C6EC1D700F7D8A2 /* Build configuration list for PBXNativeTarget "locationSaveApp" */;
			buildPhases = (
				39CD27CC2C6EC1D400F7D8A2 /* Sources */,
				39CD27CD2C6EC1D400F7D8A2 /* Frameworks */,
				39CD27CE2C6EC1D400F7D8A2 /* Resources */,
			);
			buildRules = (
			);
			dependencies = (
			);
			name = locationSaveApp;
			packageProductDependencies = (
				39335A622C7097AC0091C3B4 /* GoogleMaps */,
				39335A652C709A6A0091C3B4 /* GooglePlaces */,
			);
			productName = locationSaveApp;
			productReference = 39CD27D02C6EC1D400F7D8A2 /* locationSaveApp.app */;
			productType = "com.apple.product-type.application";
		};
/* End PBXNativeTarget section */

/* Begin PBXProject section */
		39CD27C82C6EC1D400F7D8A2 /* Project object */ = {
			isa = PBXProject;
			attributes = {
				BuildIndependentTargetsInParallel = 1;
				LastSwiftUpdateCheck = 1520;
				LastUpgradeCheck = 1520;
				TargetAttributes = {
					39CD27CF2C6EC1D400F7D8A2 = {
						CreatedOnToolsVersion = 15.2;
					};
				};
			};
			buildConfigurationList = 39CD27CB2C6EC1D400F7D8A2 /* Build configuration list for PBXProject "locationSaveApp" */;
			compatibilityVersion = "Xcode 14.0";
			developmentRegion = en;
			hasScannedForEncodings = 0;
			knownRegions = (
				en,
				Base,
			);
			mainGroup = 39CD27C72C6EC1D400F7D8A2;
			packageReferences = (
				39335A612C7097AC0091C3B4 /* XCRemoteSwiftPackageReference "ios-maps-sdk" */,
				39335A642C709A6A0091C3B4 /* XCRemoteSwiftPackageReference "ios-places-sdk" */,
			);
			productRefGroup = 39CD27D12C6EC1D400F7D8A2 /* Products */;
			projectDirPath = "";
			projectRoot = "";
			targets = (
				39CD27CF2C6EC1D400F7D8A2 /* locationSaveApp */,
			);
		};
/* End PBXProject section */

/* Begin PBXResourcesBuildPhase section */
		39CD27CE2C6EC1D400F7D8A2 /* Resources */ = {
			isa = PBXResourcesBuildPhase;
			buildActionMask = 2147483647;
			files = (
				39294A372C6EC7AF00BFFE12 /* HomePage.storyboard in Resources */,
				39703F682C716A130000E038 /* MapView.storyboard in Resources */,
				3979FFE32C716CAA008D0D3E /* StepTopView.xib in Resources */,
				39CD27E32C6EC1D700F7D8A2 /* LaunchScreen.storyboard in Resources */,
				39335A6B2C715AB50091C3B4 /* AddPlaceView.storyboard in Resources */,
				39CD27E02C6EC1D700F7D8A2 /* Assets.xcassets in Resources */,
				392528D82C72083D0000DA4B /* InformationView.storyboard in Resources */,
				39294A332C6EC6C000BFFE12 /* TabBarViewController.storyboard in Resources */,
				39E408E62C72C1F10073B4C6 /* AddPhotoView.storyboard in Resources */,
				39CD27DB2C6EC1D400F7D8A2 /* Main.storyboard in Resources */,
			);
			runOnlyForDeploymentPostprocessing = 0;
		};
/* End PBXResourcesBuildPhase section */

/* Begin PBXSourcesBuildPhase section */
		39CD27CC2C6EC1D400F7D8A2 /* Sources */ = {
			isa = PBXSourcesBuildPhase;
			buildActionMask = 2147483647;
			files = (
				39CD27D82C6EC1D400F7D8A2 /* ViewController.swift in Sources */,
				39B5A6322C72CA6E00103065 /* PageModel.swift in Sources */,
				392528DB2C720A0C0000DA4B /* CustomTextField.swift in Sources */,
				39CD27DE2C6EC1D400F7D8A2 /* locationSaveApp.xcdatamodeld in Sources */,
				39703F6B2C716BBC0000E038 /* StepTopView.swift in Sources */,
				39FC6D342C72D4B2003CEB5B /* PlaceModel.xcdatamodeld in Sources */,
				39335A692C715A9D0091C3B4 /* AddPlaceViewController.swift in Sources */,
				39E408E42C72C1E30073B4C6 /* AddPhotoViewController.swift in Sources */,
				39294A352C6EC7A200BFFE12 /* HomePageViewController.swift in Sources */,
				39CD27D42C6EC1D400F7D8A2 /* AppDelegate.swift in Sources */,
				39294A302C6EC66300BFFE12 /* TabBarViewController.swift in Sources */,
				39FC6D362C72D5E1003CEB5B /* PlaceInfoModel.swift in Sources */,
				3962566A2C7222A300153672 /* ExpandingTextView.swift in Sources */,
				39B4B1CC2C720EDD0059227B /* UIViewControllerExtension.swift in Sources */,
				39CD27D62C6EC1D400F7D8A2 /* SceneDelegate.swift in Sources */,
				39703F662C7169900000E038 /* MapViewController.swift in Sources */,
				392528D62C7207F30000DA4B /* InformationViewController.swift in Sources */,
			);
			runOnlyForDeploymentPostprocessing = 0;
		};
/* End PBXSourcesBuildPhase section */

/* Begin PBXVariantGroup section */
		39CD27D92C6EC1D400F7D8A2 /* Main.storyboard */ = {
			isa = PBXVariantGroup;
			children = (
				39CD27DA2C6EC1D400F7D8A2 /* Base */,
			);
			name = Main.storyboard;
			sourceTree = "<group>";
		};
		39CD27E12C6EC1D700F7D8A2 /* LaunchScreen.storyboard */ = {
			isa = PBXVariantGroup;
			children = (
				39CD27E22C6EC1D700F7D8A2 /* Base */,
			);
			name = LaunchScreen.storyboard;
			sourceTree = "<group>";
		};
/* End PBXVariantGroup section */

/* Begin XCBuildConfiguration section */
		39CD27E52C6EC1D700F7D8A2 /* Debug */ = {
			isa = XCBuildConfiguration;
			buildSettings = {
				ALWAYS_SEARCH_USER_PATHS = NO;
				ASSETCATALOG_COMPILER_GENERATE_SWIFT_ASSET_SYMBOL_EXTENSIONS = YES;
				CLANG_ANALYZER_NONNULL = YES;
				CLANG_ANALYZER_NUMBER_OBJECT_CONVERSION = YES_AGGRESSIVE;
				CLANG_CXX_LANGUAGE_STANDARD = "gnu++20";
				CLANG_ENABLE_MODULES = YES;
				CLANG_ENABLE_OBJC_ARC = YES;
				CLANG_ENABLE_OBJC_WEAK = YES;
				CLANG_WARN_BLOCK_CAPTURE_AUTORELEASING = YES;
				CLANG_WARN_BOOL_CONVERSION = YES;
				CLANG_WARN_COMMA = YES;
				CLANG_WARN_CONSTANT_CONVERSION = YES;
				CLANG_WARN_DEPRECATED_OBJC_IMPLEMENTATIONS = YES;
				CLANG_WARN_DIRECT_OBJC_ISA_USAGE = YES_ERROR;
				CLANG_WARN_DOCUMENTATION_COMMENTS = YES;
				CLANG_WARN_EMPTY_BODY = YES;
				CLANG_WARN_ENUM_CONVERSION = YES;
				CLANG_WARN_INFINITE_RECURSION = YES;
				CLANG_WARN_INT_CONVERSION = YES;
				CLANG_WARN_NON_LITERAL_NULL_CONVERSION = YES;
				CLANG_WARN_OBJC_IMPLICIT_RETAIN_SELF = YES;
				CLANG_WARN_OBJC_LITERAL_CONVERSION = YES;
				CLANG_WARN_OBJC_ROOT_CLASS = YES_ERROR;
				CLANG_WARN_QUOTED_INCLUDE_IN_FRAMEWORK_HEADER = YES;
				CLANG_WARN_RANGE_LOOP_ANALYSIS = YES;
				CLANG_WARN_STRICT_PROTOTYPES = YES;
				CLANG_WARN_SUSPICIOUS_MOVE = YES;
				CLANG_WARN_UNGUARDED_AVAILABILITY = YES_AGGRESSIVE;
				CLANG_WARN_UNREACHABLE_CODE = YES;
				CLANG_WARN__DUPLICATE_METHOD_MATCH = YES;
				COPY_PHASE_STRIP = NO;
				DEBUG_INFORMATION_FORMAT = dwarf;
				ENABLE_STRICT_OBJC_MSGSEND = YES;
				ENABLE_TESTABILITY = YES;
				ENABLE_USER_SCRIPT_SANDBOXING = YES;
				GCC_C_LANGUAGE_STANDARD = gnu17;
				GCC_DYNAMIC_NO_PIC = NO;
				GCC_NO_COMMON_BLOCKS = YES;
				GCC_OPTIMIZATION_LEVEL = 0;
				GCC_PREPROCESSOR_DEFINITIONS = (
					"DEBUG=1",
					"$(inherited)",
				);
				GCC_WARN_64_TO_32_BIT_CONVERSION = YES;
				GCC_WARN_ABOUT_RETURN_TYPE = YES_ERROR;
				GCC_WARN_UNDECLARED_SELECTOR = YES;
				GCC_WARN_UNINITIALIZED_AUTOS = YES_AGGRESSIVE;
				GCC_WARN_UNUSED_FUNCTION = YES;
				GCC_WARN_UNUSED_VARIABLE = YES;
				IPHONEOS_DEPLOYMENT_TARGET = 17.2;
				LOCALIZATION_PREFERS_STRING_CATALOGS = YES;
				MTL_ENABLE_DEBUG_INFO = INCLUDE_SOURCE;
				MTL_FAST_MATH = YES;
				ONLY_ACTIVE_ARCH = YES;
				SDKROOT = iphoneos;
				SWIFT_ACTIVE_COMPILATION_CONDITIONS = "DEBUG $(inherited)";
				SWIFT_OPTIMIZATION_LEVEL = "-Onone";
			};
			name = Debug;
		};
		39CD27E62C6EC1D700F7D8A2 /* Release */ = {
			isa = XCBuildConfiguration;
			buildSettings = {
				ALWAYS_SEARCH_USER_PATHS = NO;
				ASSETCATALOG_COMPILER_GENERATE_SWIFT_ASSET_SYMBOL_EXTENSIONS = YES;
				CLANG_ANALYZER_NONNULL = YES;
				CLANG_ANALYZER_NUMBER_OBJECT_CONVERSION = YES_AGGRESSIVE;
				CLANG_CXX_LANGUAGE_STANDARD = "gnu++20";
				CLANG_ENABLE_MODULES = YES;
				CLANG_ENABLE_OBJC_ARC = YES;
				CLANG_ENABLE_OBJC_WEAK = YES;
				CLANG_WARN_BLOCK_CAPTURE_AUTORELEASING = YES;
				CLANG_WARN_BOOL_CONVERSION = YES;
				CLANG_WARN_COMMA = YES;
				CLANG_WARN_CONSTANT_CONVERSION = YES;
				CLANG_WARN_DEPRECATED_OBJC_IMPLEMENTATIONS = YES;
				CLANG_WARN_DIRECT_OBJC_ISA_USAGE = YES_ERROR;
				CLANG_WARN_DOCUMENTATION_COMMENTS = YES;
				CLANG_WARN_EMPTY_BODY = YES;
				CLANG_WARN_ENUM_CONVERSION = YES;
				CLANG_WARN_INFINITE_RECURSION = YES;
				CLANG_WARN_INT_CONVERSION = YES;
				CLANG_WARN_NON_LITERAL_NULL_CONVERSION = YES;
				CLANG_WARN_OBJC_IMPLICIT_RETAIN_SELF = YES;
				CLANG_WARN_OBJC_LITERAL_CONVERSION = YES;
				CLANG_WARN_OBJC_ROOT_CLASS = YES_ERROR;
				CLANG_WARN_QUOTED_INCLUDE_IN_FRAMEWORK_HEADER = YES;
				CLANG_WARN_RANGE_LOOP_ANALYSIS = YES;
				CLANG_WARN_STRICT_PROTOTYPES = YES;
				CLANG_WARN_SUSPICIOUS_MOVE = YES;
				CLANG_WARN_UNGUARDED_AVAILABILITY = YES_AGGRESSIVE;
				CLANG_WARN_UNREACHABLE_CODE = YES;
				CLANG_WARN__DUPLICATE_METHOD_MATCH = YES;
				COPY_PHASE_STRIP = NO;
				DEBUG_INFORMATION_FORMAT = "dwarf-with-dsym";
				ENABLE_NS_ASSERTIONS = NO;
				ENABLE_STRICT_OBJC_MSGSEND = YES;
				ENABLE_USER_SCRIPT_SANDBOXING = YES;
				GCC_C_LANGUAGE_STANDARD = gnu17;
				GCC_NO_COMMON_BLOCKS = YES;
				GCC_WARN_64_TO_32_BIT_CONVERSION = YES;
				GCC_WARN_ABOUT_RETURN_TYPE = YES_ERROR;
				GCC_WARN_UNDECLARED_SELECTOR = YES;
				GCC_WARN_UNINITIALIZED_AUTOS = YES_AGGRESSIVE;
				GCC_WARN_UNUSED_FUNCTION = YES;
				GCC_WARN_UNUSED_VARIABLE = YES;
				IPHONEOS_DEPLOYMENT_TARGET = 17.2;
				LOCALIZATION_PREFERS_STRING_CATALOGS = YES;
				MTL_ENABLE_DEBUG_INFO = NO;
				MTL_FAST_MATH = YES;
				SDKROOT = iphoneos;
				SWIFT_COMPILATION_MODE = wholemodule;
				VALIDATE_PRODUCT = YES;
			};
			name = Release;
		};
		39CD27E82C6EC1D700F7D8A2 /* Debug */ = {
			isa = XCBuildConfiguration;
			buildSettings = {
				ASSETCATALOG_COMPILER_APPICON_NAME = AppIcon;
				ASSETCATALOG_COMPILER_GLOBAL_ACCENT_COLOR_NAME = AccentColor;
				CODE_SIGN_IDENTITY = "Apple Development";
				CODE_SIGN_STYLE = Automatic;
				CURRENT_PROJECT_VERSION = 1;
				DEVELOPMENT_TEAM = 3U26739GWN;
				GENERATE_INFOPLIST_FILE = YES;
				INFOPLIST_FILE = locationSaveApp/Info.plist;
				INFOPLIST_KEY_UIApplicationSupportsIndirectInputEvents = YES;
				INFOPLIST_KEY_UILaunchStoryboardName = LaunchScreen;
				INFOPLIST_KEY_UIMainStoryboardFile = Main;
				INFOPLIST_KEY_UISupportedInterfaceOrientations_iPad = "UIInterfaceOrientationPortrait UIInterfaceOrientationPortraitUpsideDown UIInterfaceOrientationLandscapeLeft UIInterfaceOrientationLandscapeRight";
				INFOPLIST_KEY_UISupportedInterfaceOrientations_iPhone = "UIInterfaceOrientationPortrait UIInterfaceOrientationLandscapeLeft UIInterfaceOrientationLandscapeRight";
				IPHONEOS_DEPLOYMENT_TARGET = 15.0;
				LD_RUNPATH_SEARCH_PATHS = (
					"$(inherited)",
					"@executable_path/Frameworks",
				);
				MARKETING_VERSION = 1.0;
				PRODUCT_BUNDLE_IDENTIFIER = altugcelil.locationSaveApp;
				PRODUCT_NAME = "$(TARGET_NAME)";
				PROVISIONING_PROFILE_SPECIFIER = "";
				SWIFT_EMIT_LOC_STRINGS = YES;
				SWIFT_VERSION = 5.0;
				TARGETED_DEVICE_FAMILY = "1,2";
			};
			name = Debug;
		};
		39CD27E92C6EC1D700F7D8A2 /* Release */ = {
			isa = XCBuildConfiguration;
			buildSettings = {
				ASSETCATALOG_COMPILER_APPICON_NAME = AppIcon;
				ASSETCATALOG_COMPILER_GLOBAL_ACCENT_COLOR_NAME = AccentColor;
				CODE_SIGN_IDENTITY = "Apple Development";
				CODE_SIGN_STYLE = Automatic;
				CURRENT_PROJECT_VERSION = 1;
				DEVELOPMENT_TEAM = 3U26739GWN;
				GENERATE_INFOPLIST_FILE = YES;
				INFOPLIST_FILE = locationSaveApp/Info.plist;
				INFOPLIST_KEY_UIApplicationSupportsIndirectInputEvents = YES;
				INFOPLIST_KEY_UILaunchStoryboardName = LaunchScreen;
				INFOPLIST_KEY_UIMainStoryboardFile = Main;
				INFOPLIST_KEY_UISupportedInterfaceOrientations_iPad = "UIInterfaceOrientationPortrait UIInterfaceOrientationPortraitUpsideDown UIInterfaceOrientationLandscapeLeft UIInterfaceOrientationLandscapeRight";
				INFOPLIST_KEY_UISupportedInterfaceOrientations_iPhone = "UIInterfaceOrientationPortrait UIInterfaceOrientationLandscapeLeft UIInterfaceOrientationLandscapeRight";
				IPHONEOS_DEPLOYMENT_TARGET = 15.0;
				LD_RUNPATH_SEARCH_PATHS = (
					"$(inherited)",
					"@executable_path/Frameworks",
				);
				MARKETING_VERSION = 1.0;
				PRODUCT_BUNDLE_IDENTIFIER = altugcelil.locationSaveApp;
				PRODUCT_NAME = "$(TARGET_NAME)";
				PROVISIONING_PROFILE_SPECIFIER = "";
				SWIFT_EMIT_LOC_STRINGS = YES;
				SWIFT_VERSION = 5.0;
				TARGETED_DEVICE_FAMILY = "1,2";
			};
			name = Release;
		};
/* End XCBuildConfiguration section */

/* Begin XCConfigurationList section */
		39CD27CB2C6EC1D400F7D8A2 /* Build configuration list for PBXProject "locationSaveApp" */ = {
			isa = XCConfigurationList;
			buildConfigurations = (
				39CD27E52C6EC1D700F7D8A2 /* Debug */,
				39CD27E62C6EC1D700F7D8A2 /* Release */,
			);
			defaultConfigurationIsVisible = 0;
			defaultConfigurationName = Release;
		};
		39CD27E72C6EC1D700F7D8A2 /* Build configuration list for PBXNativeTarget "locationSaveApp" */ = {
			isa = XCConfigurationList;
			buildConfigurations = (
				39CD27E82C6EC1D700F7D8A2 /* Debug */,
				39CD27E92C6EC1D700F7D8A2 /* Release */,
			);
			defaultConfigurationIsVisible = 0;
			defaultConfigurationName = Release;
		};
/* End XCConfigurationList section */

/* Begin XCRemoteSwiftPackageReference section */
		39335A612C7097AC0091C3B4 /* XCRemoteSwiftPackageReference "ios-maps-sdk" */ = {
			isa = XCRemoteSwiftPackageReference;
			repositoryURL = "https://github.com/googlemaps/ios-maps-sdk";
			requirement = {
				kind = upToNextMajorVersion;
				minimumVersion = 9.1.0;
			};
		};
		39335A642C709A6A0091C3B4 /* XCRemoteSwiftPackageReference "ios-places-sdk" */ = {
			isa = XCRemoteSwiftPackageReference;
			repositoryURL = "https://github.com/googlemaps/ios-places-sdk";
			requirement = {
				kind = upToNextMajorVersion;
				minimumVersion = 9.0.0;
			};
		};
/* End XCRemoteSwiftPackageReference section */

/* Begin XCSwiftPackageProductDependency section */
		39335A622C7097AC0091C3B4 /* GoogleMaps */ = {
			isa = XCSwiftPackageProductDependency;
			package = 39335A612C7097AC0091C3B4 /* XCRemoteSwiftPackageReference "ios-maps-sdk" */;
			productName = GoogleMaps;
		};
		39335A652C709A6A0091C3B4 /* GooglePlaces */ = {
			isa = XCSwiftPackageProductDependency;
			package = 39335A642C709A6A0091C3B4 /* XCRemoteSwiftPackageReference "ios-places-sdk" */;
			productName = GooglePlaces;
		};
/* End XCSwiftPackageProductDependency section */

/* Begin XCVersionGroup section */
		39CD27DC2C6EC1D400F7D8A2 /* locationSaveApp.xcdatamodeld */ = {
			isa = XCVersionGroup;
			children = (
				39CD27DD2C6EC1D400F7D8A2 /* locationSaveApp.xcdatamodel */,
			);
			currentVersion = 39CD27DD2C6EC1D400F7D8A2 /* locationSaveApp.xcdatamodel */;
			path = locationSaveApp.xcdatamodeld;
			sourceTree = "<group>";
			versionGroupType = wrapper.xcdatamodel;
		};
		39FC6D322C72D4B2003CEB5B /* PlaceModel.xcdatamodeld */ = {
			isa = XCVersionGroup;
			children = (
				39FC6D332C72D4B2003CEB5B /* PlaceModel.xcdatamodel */,
			);
			currentVersion = 39FC6D332C72D4B2003CEB5B /* PlaceModel.xcdatamodel */;
			path = PlaceModel.xcdatamodeld;
			sourceTree = "<group>";
			versionGroupType = wrapper.xcdatamodel;
		};
/* End XCVersionGroup section */
	};
	rootObject = 39CD27C82C6EC1D400F7D8A2 /* Project object */;
}
